// !$*UTF8*$!
{
	archiveVersion = 1;
	classes = {
	};
	objectVersion = 46;
	objects = {

/* Begin PBXBuildFile section */
		47D40FB716CE442100367D70 /* UIKit.framework in Frameworks */ = {isa = PBXBuildFile; fileRef = 47D40FB616CE442100367D70 /* UIKit.framework */; };
		47D40FB916CE442100367D70 /* Foundation.framework in Frameworks */ = {isa = PBXBuildFile; fileRef = 47D40FB816CE442100367D70 /* Foundation.framework */; };
		47D40FBB16CE442100367D70 /* CoreGraphics.framework in Frameworks */ = {isa = PBXBuildFile; fileRef = 47D40FBA16CE442100367D70 /* CoreGraphics.framework */; };
		47D40FC116CE442100367D70 /* InfoPlist.strings in Resources */ = {isa = PBXBuildFile; fileRef = 47D40FBF16CE442100367D70 /* InfoPlist.strings */; };
		47D40FC316CE442100367D70 /* main.m in Sources */ = {isa = PBXBuildFile; fileRef = 47D40FC216CE442100367D70 /* main.m */; };
		47D40FC716CE442100367D70 /* AppDelegate.m in Sources */ = {isa = PBXBuildFile; fileRef = 47D40FC616CE442100367D70 /* AppDelegate.m */; };
		47D40FC916CE442100367D70 /* Default.png in Resources */ = {isa = PBXBuildFile; fileRef = 47D40FC816CE442100367D70 /* Default.png */; };
		47D40FCB16CE442100367D70 /* Default@2x.png in Resources */ = {isa = PBXBuildFile; fileRef = 47D40FCA16CE442100367D70 /* Default@2x.png */; };
		47D40FCD16CE442100367D70 /* Default-568h@2x.png in Resources */ = {isa = PBXBuildFile; fileRef = 47D40FCC16CE442100367D70 /* Default-568h@2x.png */; };
/* End PBXBuildFile section */

/* Begin PBXFileReference section */
		47D40FB316CE442100367D70 /* Employer.app */ = {isa = PBXFileReference; explicitFileType = wrapper.application; includeInIndex = 0; path = Employer.app; sourceTree = BUILT_PRODUCTS_DIR; };
		47D40FB616CE442100367D70 /* UIKit.framework */ = {isa = PBXFileReference; lastKnownFileType = wrapper.framework; name = UIKit.framework; path = System/Library/Frameworks/UIKit.framework; sourceTree = SDKROOT; };
		47D40FB816CE442100367D70 /* Foundation.framework */ = {isa = PBXFileReference; lastKnownFileType = wrapper.framework; name = Foundation.framework; path = System/Library/Frameworks/Foundation.framework; sourceTree = SDKROOT; };
		47D40FBA16CE442100367D70 /* CoreGraphics.framework */ = {isa = PBXFileReference; lastKnownFileType = wrapper.framework; name = CoreGraphics.framework; path = System/Library/Frameworks/CoreGraphics.framework; sourceTree = SDKROOT; };
		47D40FBE16CE442100367D70 /* Employer-Info.plist */ = {isa = PBXFileReference; lastKnownFileType = text.plist.xml; path = "Employer-Info.plist"; sourceTree = "<group>"; };
		47D40FC016CE442100367D70 /* en */ = {isa = PBXFileReference; lastKnownFileType = text.plist.strings; name = en; path = en.lproj/InfoPlist.strings; sourceTree = "<group>"; };
		47D40FC216CE442100367D70 /* main.m */ = {isa = PBXFileReference; lastKnownFileType = sourcecode.c.objc; path = main.m; sourceTree = "<group>"; };
		47D40FC416CE442100367D70 /* Employer-Prefix.pch */ = {isa = PBXFileReference; lastKnownFileType = sourcecode.c.h; path = "Employer-Prefix.pch"; sourceTree = "<group>"; };
		47D40FC516CE442100367D70 /* AppDelegate.h */ = {isa = PBXFileReference; lastKnownFileType = sourcecode.c.h; path = AppDelegate.h; sourceTree = "<group>"; };
		47D40FC616CE442100367D70 /* AppDelegate.m */ = {isa = PBXFileReference; lastKnownFileType = sourcecode.c.objc; path = AppDelegate.m; sourceTree = "<group>"; };
		47D40FC816CE442100367D70 /* Default.png */ = {isa = PBXFileReference; lastKnownFileType = image.png; path = Default.png; sourceTree = "<group>"; };
		47D40FCA16CE442100367D70 /* Default@2x.png */ = {isa = PBXFileReference; lastKnownFileType = image.png; path = "Default@2x.png"; sourceTree = "<group>"; };
		47D40FCC16CE442100367D70 /* Default-568h@2x.png */ = {isa = PBXFileReference; lastKnownFileType = image.png; path = "Default-568h@2x.png"; sourceTree = "<group>"; };
/* End PBXFileReference section */

/* Begin PBXFrameworksBuildPhase section */
		47D40FB016CE442100367D70 /* Frameworks */ = {
			isa = PBXFrameworksBuildPhase;
			buildActionMask = 2147483647;
			files = (
				47D40FB716CE442100367D70 /* UIKit.framework in Frameworks */,
				47D40FB916CE442100367D70 /* Foundation.framework in Frameworks */,
				47D40FBB16CE442100367D70 /* CoreGraphics.framework in Frameworks */,
			);
			runOnlyForDeploymentPostprocessing = 0;
		};
/* End PBXFrameworksBuildPhase section */

/* Begin PBXGroup section */
		47D40FAA16CE442100367D70 = {
			isa = PBXGroup;
			children = (
				47D40FBC16CE442100367D70 /* Employer */,
				47D40FB516CE442100367D70 /* Frameworks */,
				47D40FB416CE442100367D70 /* Products */,
			);
			sourceTree = "<group>";
		};
		47D40FB416CE442100367D70 /* Products */ = {
			isa = PBXGroup;
			children = (
				47D40FB316CE442100367D70 /* Employer.app */,
			);
			name = Products;
			sourceTree = "<group>";
		};
		47D40FB516CE442100367D70 /* Frameworks */ = {
			isa = PBXGroup;
			children = (
				47D40FB616CE442100367D70 /* UIKit.framework */,
				47D40FB816CE442100367D70 /* Foundation.framework */,
				47D40FBA16CE442100367D70 /* CoreGraphics.framework */,
			);
			name = Frameworks;
			sourceTree = "<group>";
		};
		47D40FBC16CE442100367D70 /* Employer */ = {
			isa = PBXGroup;
			children = (
				47D40FC516CE442100367D70 /* AppDelegate.h */,
				47D40FC616CE442100367D70 /* AppDelegate.m */,
				47D40FBD16CE442100367D70 /* Supporting Files */,
			);
			path = Employer;
			sourceTree = "<group>";
		};
		47D40FBD16CE442100367D70 /* Supporting Files */ = {
			isa = PBXGroup;
			children = (
				47D40FBE16CE442100367D70 /* Employer-Info.plist */,
				47D40FBF16CE442100367D70 /* InfoPlist.strings */,
				47D40FC216CE442100367D70 /* main.m */,
				47D40FC416CE442100367D70 /* Employer-Prefix.pch */,
				47D40FC816CE442100367D70 /* Default.png */,
				47D40FCA16CE442100367D70 /* Default@2x.png */,
				47D40FCC16CE442100367D70 /* Default-568h@2x.png */,
			);
			name = "Supporting Files";
			sourceTree = "<group>";
		};
/* End PBXGroup section */

/* Begin PBXNativeTarget section */
		47D40FB216CE442100367D70 /* Employer */ = {
			isa = PBXNativeTarget;
			buildConfigurationList = 47D40FD016CE442100367D70 /* Build configuration list for PBXNativeTarget "Employer" */;
			buildPhases = (
				47D40FAF16CE442100367D70 /* Sources */,
				47D40FB016CE442100367D70 /* Frameworks */,
				47D40FB116CE442100367D70 /* Resources */,
			);
			buildRules = (
			);
			dependencies = (
			);
			name = Employer;
			productName = Employer;
			productReference = 47D40FB316CE442100367D70 /* Employer.app */;
			productType = "com.apple.product-type.application";
		};
/* End PBXNativeTarget section */

/* Begin PBXProject section */
		47D40FAB16CE442100367D70 /* Project object */ = {
			isa = PBXProject;
			attributes = {
				LastUpgradeCheck = 0460;
				ORGANIZATIONNAME = "HireCraft Software Pvt. Ltd.";
			};
			buildConfigurationList = 47D40FAE16CE442100367D70 /* Build configuration list for PBXProject "Employer" */;
			compatibilityVersion = "Xcode 3.2";
			developmentRegion = English;
			hasScannedForEncodings = 0;
			knownRegions = (
				en,
			);
			mainGroup = 47D40FAA16CE442100367D70;
			productRefGroup = 47D40FB416CE442100367D70 /* Products */;
			projectDirPath = "";
			projectRoot = "";
			targets = (
				47D40FB216CE442100367D70 /* Employer */,
			);
		};
/* End PBXProject section */

/* Begin PBXResourcesBuildPhase section */
		47D40FB116CE442100367D70 /* Resources */ = {
			isa = PBXResourcesBuildPhase;
			buildActionMask = 2147483647;
			files = (
				47D40FC116CE442100367D70 /* InfoPlist.strings in Resources */,
				47D40FC916CE442100367D70 /* Default.png in Resources */,
				47D40FCB16CE442100367D70 /* Default@2x.png in Resources */,
				47D40FCD16CE442100367D70 /* Default-568h@2x.png in Resources */,
			);
			runOnlyForDeploymentPostprocessing = 0;
		};
/* End PBXResourcesBuildPhase section */

/* Begin PBXSourcesBuildPhase section */
		47D40FAF16CE442100367D70 /* Sources */ = {
			isa = PBXSourcesBuildPhase;
			buildActionMask = 2147483647;
			files = (
				47D40FC316CE442100367D70 /* main.m in Sources */,
				47D40FC716CE442100367D70 /* AppDelegate.m in Sources */,
			);
			runOnlyForDeploymentPostprocessing = 0;
		};
/* End PBXSourcesBuildPhase section */

/* Begin PBXVariantGroup section */
		47D40FBF16CE442100367D70 /* InfoPlist.strings */ = {
			isa = PBXVariantGroup;
			children = (
				47D40FC016CE442100367D70 /* en */,
			);
			name = InfoPlist.strings;
			sourceTree = "<group>";
		};
/* End PBXVariantGroup section */

/* Begin XCBuildConfiguration section */
		47D40FCE16CE442100367D70 /* Debug */ = {
			isa = XCBuildConfiguration;
			buildSettings = {
				ALWAYS_SEARCH_USER_PATHS = NO;
				CLANG_CXX_LANGUAGE_STANDARD = "gnu++0x";
				CLANG_CXX_LIBRARY = "libc++";
				CLANG_ENABLE_OBJC_ARC = YES;
				CLANG_WARN_CONSTANT_CONVERSION = YES;
				CLANG_WARN_EMPTY_BODY = YES;
				CLANG_WARN_ENUM_CONVERSION = YES;
				CLANG_WARN_INT_CONVERSION = YES;
				CLANG_WARN__DUPLICATE_METHOD_MATCH = YES;
				"CODE_SIGN_IDENTITY[sdk=iphoneos*]" = "iPhone Developer";
				COPY_PHASE_STRIP = NO;
				GCC_C_LANGUAGE_STANDARD = gnu99;
				GCC_DYNAMIC_NO_PIC = NO;
				GCC_OPTIMIZATION_LEVEL = 0;
				GCC_PREPROCESSOR_DEFINITIONS = (
					"DEBUG=1",
					"$(inherited)",
				);
				GCC_SYMBOLS_PRIVATE_EXTERN = NO;
				GCC_WARN_ABOUT_RETURN_TYPE = YES;
				GCC_WARN_UNINITIALIZED_AUTOS = YES;
				GCC_WARN_UNUSED_VARIABLE = YES;
				IPHONEOS_DEPLOYMENT_TARGET = 6.1;
				ONLY_ACTIVE_ARCH = YES;
				SDKROOT = iphoneos;
			};
			name = Debug;
		};
		47D40FCF16CE442100367D70 /* Release */ = {
			isa = XCBuildConfiguration;
			buildSettings = {
				ALWAYS_SEARCH_USER_PATHS = NO;
				CLANG_CXX_LANGUAGE_STANDARD = "gnu++0x";
				CLANG_CXX_LIBRARY = "libc++";
				CLANG_ENABLE_OBJC_ARC = YES;
				CLANG_WARN_CONSTANT_CONVERSION = YES;
				CLANG_WARN_EMPTY_BODY = YES;
				CLANG_WARN_ENUM_CONVERSION = YES;
				CLANG_WARN_INT_CONVERSION = YES;
				CLANG_WARN__DUPLICATE_METHOD_MATCH = YES;
				"CODE_SIGN_IDENTITY[sdk=iphoneos*]" = "iPhone Developer";
				COPY_PHASE_STRIP = YES;
				GCC_C_LANGUAGE_STANDARD = gnu99;
				GCC_WARN_ABOUT_RETURN_TYPE = YES;
				GCC_WARN_UNINITIALIZED_AUTOS = YES;
				GCC_WARN_UNUSED_VARIABLE = YES;
				IPHONEOS_DEPLOYMENT_TARGET = 6.1;
				OTHER_CFLAGS = "-DNS_BLOCK_ASSERTIONS=1";
				SDKROOT = iphoneos;
				VALIDATE_PRODUCT = YES;
			};
			name = Release;
		};
		47D40FD116CE442100367D70 /* Debug */ = {
			isa = XCBuildConfiguration;
			buildSettings = {
				GCC_PRECOMPILE_PREFIX_HEADER = YES;
				GCC_PREFIX_HEADER = "Employer/Employer-Prefix.pch";
				INFOPLIST_FILE = "Employer/Employer-Info.plist";
				PRODUCT_NAME = "$(TARGET_NAME)";
				WRAPPER_EXTENSION = app;
			};
			name = Debug;
		};
		47D40FD216CE442100367D70 /* Release */ = {
			isa = XCBuildConfiguration;
			buildSettings = {
				GCC_PRECOMPILE_PREFIX_HEADER = YES;
				GCC_PREFIX_HEADER = "Employer/Employer-Prefix.pch";
				INFOPLIST_FILE = "Employer/Employer-Info.plist";
				PRODUCT_NAME = "$(TARGET_NAME)";
				WRAPPER_EXTENSION = app;
			};
			name = Release;
		};
/* End XCBuildConfiguration section */

/* Begin XCConfigurationList section */
		47D40FAE16CE442100367D70 /* Build configuration list for PBXProject "Employer" */ = {
			isa = XCConfigurationList;
			buildConfigurations = (
				47D40FCE16CE442100367D70 /* Debug */,
				47D40FCF16CE442100367D70 /* Release */,
			);
			defaultConfigurationIsVisible = 0;
			defaultConfigurationName = Release;
		};
		47D40FD016CE442100367D70 /* Build configuration list for PBXNativeTarget "Employer" */ = {
			isa = XCConfigurationList;
			buildConfigurations = (
				47D40FD116CE442100367D70 /* Debug */,
				47D40FD216CE442100367D70 /* Release */,
			);
			defaultConfigurationIsVisible = 0;
		};
/* End XCConfigurationList section */
	};
	rootObject = 47D40FAB16CE442100367D70 /* Project object */;
}
